
Microsoft Visual Studio Solution File, Format Version 12.00
# Visual Studio Version 16
VisualStudioVersion = 16.0.30413.136
MinimumVisualStudioVersion = 10.0.40219.1
Project("{9A19103F-16F7-4668-BE54-9A1E7A4F7556}") = "TestableBlazor.Server", "TestableBlazor\Server\TestableBlazor.Server.csproj", "{DC85587D-382E-44F4-930D-21DCB0423D00}"
EndProject
Project("{9A19103F-16F7-4668-BE54-9A1E7A4F7556}") = "TestableBlazor.Client", "TestableBlazor\Client\TestableBlazor.Client.csproj", "{7BF17759-EC12-46E6-BEDE-F5370D2ECE57}"
EndProject
Project("{9A19103F-16F7-4668-BE54-9A1E7A4F7556}") = "TestableBlazor.Shared", "TestableBlazor\Shared\TestableBlazor.Shared.csproj", "{16D41420-4425-41D2-9EDB-772C0C371F55}"
EndProject
Project("{9A19103F-16F7-4668-BE54-9A1E7A4F7556}") = "TestableBlazor.UnitTests", "TestableBlazor.UnitTests\TestableBlazor.UnitTests.csproj", "{1D3BD03D-3353-4AAB-AD58-7BEC36597CBA}"
EndProject
Project("{9A19103F-16F7-4668-BE54-9A1E7A4F7556}") = "TestableBlazor.IntegrationTests", "TestableBlazor.IntegrationTests\TestableBlazor.IntegrationTests.csproj", "{7BC3739F-ADCE-47A9-A415-41B87D8EDC67}"
EndProject
Project("{2150E333-8FDC-42A3-9474-1A3956D46DE8}") = "Tests", "Tests", "{9E7CC03A-08B7-4B30-BCD8-4829C6E84481}"
EndProject
Project("{FAE04EC0-301F-11D3-BF4B-00C04F79EFBC}") = "TestableBlazor.e2e", "TestableBlazor.e2e\TestableBlazor.e2e.csproj", "{06722827-2882-4E82-807A-C695B6D101CC}"
EndProject
Global
	GlobalSection(SolutionConfigurationPlatforms) = preSolution
		Debug|Any CPU = Debug|Any CPU
		Release|Any CPU = Release|Any CPU
	EndGlobalSection
	GlobalSection(ProjectConfigurationPlatforms) = postSolution
		{DC85587D-382E-44F4-930D-21DCB0423D00}.Debug|Any CPU.ActiveCfg = Debug|Any CPU
		{DC85587D-382E-44F4-930D-21DCB0423D00}.Debug|Any CPU.Build.0 = Debug|Any CPU
		{DC85587D-382E-44F4-930D-21DCB0423D00}.Release|Any CPU.ActiveCfg = Release|Any CPU
		{DC85587D-382E-44F4-930D-21DCB0423D00}.Release|Any CPU.Build.0 = Release|Any CPU
		{7BF17759-EC12-46E6-BEDE-F5370D2ECE57}.Debug|Any CPU.ActiveCfg = Debug|Any CPU
		{7BF17759-EC12-46E6-BEDE-F5370D2ECE57}.Debug|Any CPU.Build.0 = Debug|Any CPU
		{7BF17759-EC12-46E6-BEDE-F5370D2ECE57}.Release|Any CPU.ActiveCfg = Release|Any CPU
		{7BF17759-EC12-46E6-BEDE-F5370D2ECE57}.Release|Any CPU.Build.0 = Release|Any CPU
		{16D41420-4425-41D2-9EDB-772C0C371F55}.Debug|Any CPU.ActiveCfg = Debug|Any CPU
		{16D41420-4425-41D2-9EDB-772C0C371F55}.Debug|Any CPU.Build.0 = Debug|Any CPU
		{16D41420-4425-41D2-9EDB-772C0C371F55}.Release|Any CPU.ActiveCfg = Release|Any CPU
		{16D41420-4425-41D2-9EDB-772C0C371F55}.Release|Any CPU.Build.0 = Release|Any CPU
		{1D3BD03D-3353-4AAB-AD58-7BEC36597CBA}.Debug|Any CPU.ActiveCfg = Debug|Any CPU
		{1D3BD03D-3353-4AAB-AD58-7BEC36597CBA}.Debug|Any CPU.Build.0 = Debug|Any CPU
		{1D3BD03D-3353-4AAB-AD58-7BEC36597CBA}.Release|Any CPU.ActiveCfg = Release|Any CPU
		{1D3BD03D-3353-4AAB-AD58-7BEC36597CBA}.Release|Any CPU.Build.0 = Release|Any CPU
		{7BC3739F-ADCE-47A9-A415-41B87D8EDC67}.Debug|Any CPU.ActiveCfg = Debug|Any CPU
		{7BC3739F-ADCE-47A9-A415-41B87D8EDC67}.Debug|Any CPU.Build.0 = Debug|Any CPU
		{7BC3739F-ADCE-47A9-A415-41B87D8EDC67}.Release|Any CPU.ActiveCfg = Release|Any CPU
		{7BC3739F-ADCE-47A9-A415-41B87D8EDC67}.Release|Any CPU.Build.0 = Release|Any CPU
		{06722827-2882-4E82-807A-C695B6D101CC}.Debug|Any CPU.ActiveCfg = Debug|Any CPU
		{06722827-2882-4E82-807A-C695B6D101CC}.Debug|Any CPU.Build.0 = Debug|Any CPU
		{06722827-2882-4E82-807A-C695B6D101CC}.Release|Any CPU.ActiveCfg = Release|Any CPU
		{06722827-2882-4E82-807A-C695B6D101CC}.Release|Any CPU.Build.0 = Release|Any CPU
	EndGlobalSection
	GlobalSection(SolutionProperties) = preSolution
		HideSolutionNode = FALSE
	EndGlobalSection
	GlobalSection(NestedProjects) = preSolution
		{1D3BD03D-3353-4AAB-AD58-7BEC36597CBA} = {9E7CC03A-08B7-4B30-BCD8-4829C6E84481}
		{7BC3739F-ADCE-47A9-A415-41B87D8EDC67} = {9E7CC03A-08B7-4B30-BCD8-4829C6E84481}
		{06722827-2882-4E82-807A-C695B6D101CC} = {9E7CC03A-08B7-4B30-BCD8-4829C6E84481}
	EndGlobalSection
	GlobalSection(ExtensibilityGlobals) = postSolution
		SolutionGuid = {B36F77D5-277A-46E9-9ABF-05F86B657582}
	EndGlobalSection
EndGlobal
